{
  "name": "svelte-preprocess-cljs",
  "version": "0.0.1",
  "lockfileVersion": 3,
  "requires": true,
  "packages": {
    "": {
      "name": "svelte-preprocess-cljs",
      "version": "0.0.1",
      "license": "ISC",
      "dependencies": {
        "squint-cljs": "^0.1.16"
      },
      "devDependencies": {
        "prettier": "^3.0.2"
      }
    },
    "node_modules/prettier": {
      "version": "3.0.2",
      "dev": true,
      "license": "MIT",
      "bin": {
        "prettier": "bin/prettier.cjs"
      },
      "engines": {
        "node": ">=14"
      },
      "funding": {
        "url": "https://github.com/prettier/prettier?sponsor=1"
      }
    },
    "node_modules/squint-cljs": {
      "version": "0.1.16",
      "bin": {
        "squint": "node_cli.js"
      }
    }
  }
}
